{
    "_meta": {
        "hash": {
            "sha256": "0d8999e65a498da6de4171241049c21e9c88a5af81c0b0ced856134270a75d8f"
        },
        "pipfile-spec": 6,
        "requires": {
            "python_version": "3.8"
        },
        "sources": [
            {
                "name": "pypi",
                "url": "https://pypi.org/simple",
                "verify_ssl": true
            }
        ]
    },
    "default": {
        "certifi": {
            "hashes": [
                "sha256:78884e7c1d4b00ce3cea67b44566851c4343c120abd683433ce934a68ea58872",
                "sha256:d62a0163eb4c2344ac042ab2bdf75399a71a2d8c7d47eac2e2ee91b9d6339569"
            ],
            "version": "==2021.10.8"
        },
        "charset-normalizer": {
            "hashes": [
                "sha256:1eecaa09422db5be9e29d7fc65664e6c33bd06f9ced7838578ba40d58bdf3721",
                "sha256:b0b883e8e874edfdece9c28f314e3dd5badf067342e42fb162203335ae61aa2c"
            ],
            "markers": "python_version >= '3'",
            "version": "==2.0.9"
        },
        "idna": {
            "hashes": [
                "sha256:84d9dd047ffa80596e0f246e2eab0b391788b0503584e8945f2368256d2735ff",
                "sha256:9d643ff0a55b762d5cdb124b8eaa99c66322e2157b69160bc32796e824360e6d"
            ],
            "markers": "python_version >= '3'",
            "version": "==3.3"
        },
        "oauthlib": {
            "hashes": [
                "sha256:42bf6354c2ed8c6acb54d971fce6f88193d97297e18602a3a886603f9d7730cc",
                "sha256:8f0215fcc533dd8dd1bee6f4c412d4f0cd7297307d43ac61666389e3bc3198a3"
            ],
            "version": "==3.1.1"
        },
        "pydantic": {
            "hashes": [
                "sha256:016167745bfbb44feb62810955f451bf860c9f32c6717f0ec75c3ce66881ffef",
                "sha256:1f62850559393d34144ad4af137c011fac47794404b15f7ff29f7542657f2608",
                "sha256:278656d46bc9c475e322387e803d1357bbeebf63f98686bf1115fa5aa9df3b33",
                "sha256:2c8523de702409eecfbc2ad65efeb4abd80c05f3351e45b4dee8b2058c789537",
                "sha256:2f159193e14fb61a0642e481f539fad6d88c9b063b01835c7d32ca1433de8894",
                "sha256:2fd8725693b5be9e214b719224ec8bf3e07198efcf3b8c7f7df45969b7c9b114",
                "sha256:35ba9b7cb2eeec9e4acf9d6753b5342907219906d4e98c89b46dbc482c2deb93",
                "sha256:44d587dc0f11e8aebb9203333e6b62394c5bdfce31b59c6aa77faa2e4689d17f",
                "sha256:4d7b4903482b9c31be197f6b8c37f64e7c35dcc0243bcfaf53131c0837f878df",
                "sha256:53d546155dd3b48f436fa837cade6344de84be11dc10fbb92322ee76012e751a",
                "sha256:552448389136f393912cb734fce7894deda035e16d3ceb2abd27691bbd1423c5",
                "sha256:616abb459faad0eca98fe0012108d8a25d027a10ff353499cd9c11af9aea1ed8",
                "sha256:68dcda5d5c5c72b5aa834e3c2b1771434f72b42bb51464a85b293db431f96ca9",
                "sha256:72f2730bc5ba0ab00f368185e67265dfb60a0f46e1479782cdaaa1ac9dc39af2",
                "sha256:760581e0fe8b76afbd4a7271f5f3f17b8b99e7d527f0fc3c7f22b464058ff9d0",
                "sha256:790dea17999af8594fe9a4725c6978ea55acee3f498ec8a6392bbe1270e11418",
                "sha256:820f6d27f53e7bacb4d11c65087316adcaf860e442500a1a7a1918fdcd8e5a16",
                "sha256:82d05be71a6c530d3d8decd083411d787899b5aad398346c29c7927e58f417ba",
                "sha256:8691a70ff127ddd76ff19eda782fdacd90f6e31d497160e8d22407c526ae77cb",
                "sha256:87accec6c4193fbb200040d032ebfa58095d4dc0728743e9fa6d74580c88c684",
                "sha256:8e0005271fb5008a351d33501fec965c255106950345b7d6971d93c0c255da11",
                "sha256:8ff8f42b0c83f6f9670e8c9b39cff2fff113f0a0dae21725eda475a386971c17",
                "sha256:940304821b7e8e2588b108eac96a0f69e5b089bed6a905ead64dbfc48d6bfce3",
                "sha256:a7e8e4095b2236c00195944a4e88131c9dcf8913221bb8774ac9ce022841c0b7",
                "sha256:be605e9b13d34eb0c585579deeefb6a3690922e00de3ccf479ba99a327aab352",
                "sha256:bf04006065e976c6023b2a41346f5de43ccebfe563b87238c1ed5326924dac51",
                "sha256:ce6c0b824b2504380dc2b21794de7b2806045f63e3627200ddcab68d25df8117",
                "sha256:d542535eff642ee2b45f6c16d16e9f3d04dab77ce7e2e084f9d46de76ba804f0",
                "sha256:daea5ff8f06cde8daabf07ce961708063d83202a6119e3fe9a45504b2d3c4771",
                "sha256:dbef909476f6a56e306c66c7933dbbae34a9cb0f65497f9d881ecc8fd839621f",
                "sha256:de219b3ac6deae7315a1f194f1ebf9095da3fddaf79e01ef4af8852a00e18ec7",
                "sha256:e014746cd95711c8e97008fff0e2ea262455de1c0a618e792f306fbae54c126e",
                "sha256:f473c266d5eab56c4cf8a1c6ca95564404a6fb9077e4e7aa8b9c25523a9faccf",
                "sha256:f49f88534b042a50835ad03d41546bface4a5b1358edb62623bf18c38a035ace",
                "sha256:f8cbea0792cfa223d5c31598d7a32dd48c505ac563db1a759aaef4d7e27a2bcb"
            ],
            "version": "==1.9.0a2"
        },
        "pyhumps": {
            "hashes": [
                "sha256:042b4b6eec6c1f862f8310c0eebbae19293e9edab8cafb030ff78c890ef1aa34",
                "sha256:367b1aadcaa64f8196a3cd14f56559a5602950aeb8486f49318e7394f5e18052"
            ],
            "version": "==3.0.2"
        },
        "requests": {
            "hashes": [
                "sha256:6c1246513ecd5ecd4528a0906f910e8f0f9c6b8ec72030dc9fd154dc1a6efd24",
                "sha256:b8aa58f8cf793ffd8782d3d8cb19e66ef36f7aba4353eec859e74678b01b07a7"
            ],
            "version": "==2.26.0"
        },
        "requests-oauthlib": {
            "hashes": [
                "sha256:7f71572defaecd16372f9006f33c2ec8c077c3cfa6f5911a9a90202beb513f3d",
                "sha256:b4261601a71fd721a8bd6d7aa1cc1d6a8a93b4a9f5e96626f8e4d91e8beeaa6a"
            ],
            "version": "==1.3.0"
        },
        "travelperk-http-python": {
            "hashes": [
                "sha256:74d3538a543a8d088f4938a3f366a80136b2bb5d26aca933b668a873b1df6029",
                "sha256:d5ea35e1c1e201237c3c0337e419bb39565be265f5a84ac571868e66cdeb510a"
            ],
            "index": "pypi",
            "version": "==1.0.16"
        },
        "travelperk-python-api-types": {
            "hashes": [
                "sha256:6d5045b5461844ed704d2f4e8b56d651d4e7773ebae47bc5c863250f119fcd15",
                "sha256:725688755aa06096110671e0fd16d2675145de4dbf1631e660445a893c21150b"
            ],
            "version": "==1.0.34"
        },
        "typing-extensions": {
            "hashes": [
                "sha256:4ca091dea149f945ec56afb48dae714f21e8692ef22a395223bcd328961b6a0e",
                "sha256:7f001e5ac290a0c0401508864c7ec868be4e701886d5b573a9528ed3973d9d3b"
            ],
            "version": "==4.0.1"
        },
        "urllib3": {
            "hashes": [
                "sha256:4987c65554f7a2dbf30c18fd48778ef124af6fab771a377103da0585e2336ece",
                "sha256:c4fdf4019605b6e5423637e01bc9fe4daef873709a7973e195ceba0a62bbc844"
            ],
            "version": "==1.26.7"
        }
    },
    "develop": {
        "jedi": {
            "hashes": [
                "sha256:637c9635fcf47945ceb91cd7f320234a7be540ded6f3e99a50cb6febdfd1ba8d",
                "sha256:74137626a64a99c8eb6ae5832d99b3bdd7d29a3850fe2aa80a4126b2a7d949ab"
            ],
            "version": "==0.18.1"
        },
        "parso": {
            "hashes": [
                "sha256:8c07be290bb59f03588915921e29e8a50002acaf2cdc5fa0e0114f91709fafa0",
                "sha256:c001d4636cd3aecdaf33cbb40aebb59b094be2a74c556778ef5576c175e19e75"
            ],
            "version": "==0.8.3"
        },
        "pudb": {
            "hashes": [
                "sha256:82a524ab4b89d2c701b089071ccc6afa9c8a838504e3d68eb33faa8a8abbe4cb"
            ],
            "index": "pypi",
            "version": "==2021.2.2"
        },
        "pygments": {
            "hashes": [
                "sha256:b8e67fe6af78f492b3c4b3e2970c0624cbf08beb1e493b2c99b9fa1b67a20380",
                "sha256:f398865f7eb6874156579fdf36bc840a03cab64d1cde9e93d68f46a425ec52c6"
            ],
            "version": "==2.10.0"
        },
        "urwid": {
            "hashes": [
                "sha256:588bee9c1cb208d0906a9f73c613d2bd32c3ed3702012f51efe318a3f2127eae"
            ],
            "version": "==2.1.2"
        },
        "urwid-readline": {
            "hashes": [
                "sha256:018020cbc864bb5ed87be17dc26b069eae2755cb29f3a9c569aac3bded1efaf4"
            ],
            "version": "==0.13"
        }
    }
}
